
Microsoft Visual Studio Solution File, Format Version 12.00
# Visual Studio Version 17
VisualStudioVersion = 17.0.31903.59
MinimumVisualStudioVersion = 10.0.40219.1
Project("{2150E333-8FDC-42A3-9474-1A3956D46DE8}") = "src", "src", "{827E0CD3-B72D-47B6-A68D-7590B98EB39B}"
EndProject
Project("{FAE04EC0-301F-11D3-BF4B-00C04F79EFBC}") = "DevContentEngine.Domain", "src\DevContentEngine.Domain\DevContentEngine.Domain.csproj", "{BB4BB8B3-2F60-459F-92E0-772563308793}"
EndProject
Project("{FAE04EC0-301F-11D3-BF4B-00C04F79EFBC}") = "DevContentEngine.Application", "src\DevContentEngine.Application\DevContentEngine.Application.csproj", "{3610615F-D68D-4ECC-AB95-CAF651CFC0C7}"
EndProject
Project("{FAE04EC0-301F-11D3-BF4B-00C04F79EFBC}") = "DevContentEngine.Infrastructure", "src\DevContentEngine.Infrastructure\DevContentEngine.Infrastructure.csproj", "{0DA3D966-4239-4750-BF90-BDCE2C9B0FC9}"
EndProject
Project("{FAE04EC0-301F-11D3-BF4B-00C04F79EFBC}") = "DevContentEngine.Worker", "src\DevContentEngine.Worker\DevContentEngine.Worker.csproj", "{354BFF06-6C97-4222-9A36-5AE64E72DE68}"
EndProject
Project("{FAE04EC0-301F-11D3-BF4B-00C04F79EFBC}") = "DevContentEngine.Api", "src\DevContentEngine.Api\DevContentEngine.Api.csproj", "{727A7E70-6A52-43CF-8DC7-70AB0D3BB9FC}"
EndProject
Project("{2150E333-8FDC-42A3-9474-1A3956D46DE8}") = "tests", "tests", "{0AB3BF05-4346-4AA6-1389-037BE0695223}"
EndProject
Project("{FAE04EC0-301F-11D3-BF4B-00C04F79EFBC}") = "DevContentEngine.Domain.Tests", "tests\DevContentEngine.Domain.Tests\DevContentEngine.Domain.Tests.csproj", "{59F89C96-BA83-4101-A1D1-E8C02BC4849F}"
EndProject
Project("{FAE04EC0-301F-11D3-BF4B-00C04F79EFBC}") = "DevContentEngine.Application.Tests", "tests\DevContentEngine.Application.Tests\DevContentEngine.Application.Tests.csproj", "{1C5A8CF5-81C7-4F0D-B6A8-06E6874E0B87}"
EndProject
Project("{FAE04EC0-301F-11D3-BF4B-00C04F79EFBC}") = "DevContentEngine.Infrastructure.Tests", "tests\DevContentEngine.Infrastructure.Tests\DevContentEngine.Infrastructure.Tests.csproj", "{87D0FF33-3936-462B-8904-F56192B7E805}"
EndProject
Project("{FAE04EC0-301F-11D3-BF4B-00C04F79EFBC}") = "DevContentEngine.Worker.Tests", "tests\DevContentEngine.Worker.Tests\DevContentEngine.Worker.Tests.csproj", "{DE7E33BA-162E-41DC-A673-31EFF283B0DC}"
EndProject
Global
	GlobalSection(SolutionConfigurationPlatforms) = preSolution
		Debug|Any CPU = Debug|Any CPU
		Debug|x64 = Debug|x64
		Debug|x86 = Debug|x86
		Release|Any CPU = Release|Any CPU
		Release|x64 = Release|x64
		Release|x86 = Release|x86
	EndGlobalSection
	GlobalSection(ProjectConfigurationPlatforms) = postSolution
		{BB4BB8B3-2F60-459F-92E0-772563308793}.Debug|Any CPU.ActiveCfg = Debug|Any CPU
		{BB4BB8B3-2F60-459F-92E0-772563308793}.Debug|Any CPU.Build.0 = Debug|Any CPU
		{BB4BB8B3-2F60-459F-92E0-772563308793}.Debug|x64.ActiveCfg = Debug|Any CPU
		{BB4BB8B3-2F60-459F-92E0-772563308793}.Debug|x64.Build.0 = Debug|Any CPU
		{BB4BB8B3-2F60-459F-92E0-772563308793}.Debug|x86.ActiveCfg = Debug|Any CPU
		{BB4BB8B3-2F60-459F-92E0-772563308793}.Debug|x86.Build.0 = Debug|Any CPU
		{BB4BB8B3-2F60-459F-92E0-772563308793}.Release|Any CPU.ActiveCfg = Release|Any CPU
		{BB4BB8B3-2F60-459F-92E0-772563308793}.Release|Any CPU.Build.0 = Release|Any CPU
		{BB4BB8B3-2F60-459F-92E0-772563308793}.Release|x64.ActiveCfg = Release|Any CPU
		{BB4BB8B3-2F60-459F-92E0-772563308793}.Release|x64.Build.0 = Release|Any CPU
		{BB4BB8B3-2F60-459F-92E0-772563308793}.Release|x86.ActiveCfg = Release|Any CPU
		{BB4BB8B3-2F60-459F-92E0-772563308793}.Release|x86.Build.0 = Release|Any CPU
		{3610615F-D68D-4ECC-AB95-CAF651CFC0C7}.Debug|Any CPU.ActiveCfg = Debug|Any CPU
		{3610615F-D68D-4ECC-AB95-CAF651CFC0C7}.Debug|Any CPU.Build.0 = Debug|Any CPU
		{3610615F-D68D-4ECC-AB95-CAF651CFC0C7}.Debug|x64.ActiveCfg = Debug|Any CPU
		{3610615F-D68D-4ECC-AB95-CAF651CFC0C7}.Debug|x64.Build.0 = Debug|Any CPU
		{3610615F-D68D-4ECC-AB95-CAF651CFC0C7}.Debug|x86.ActiveCfg = Debug|Any CPU
		{3610615F-D68D-4ECC-AB95-CAF651CFC0C7}.Debug|x86.Build.0 = Debug|Any CPU
		{3610615F-D68D-4ECC-AB95-CAF651CFC0C7}.Release|Any CPU.ActiveCfg = Release|Any CPU
		{3610615F-D68D-4ECC-AB95-CAF651CFC0C7}.Release|Any CPU.Build.0 = Release|Any CPU
		{3610615F-D68D-4ECC-AB95-CAF651CFC0C7}.Release|x64.ActiveCfg = Release|Any CPU
		{3610615F-D68D-4ECC-AB95-CAF651CFC0C7}.Release|x64.Build.0 = Release|Any CPU
		{3610615F-D68D-4ECC-AB95-CAF651CFC0C7}.Release|x86.ActiveCfg = Release|Any CPU
		{3610615F-D68D-4ECC-AB95-CAF651CFC0C7}.Release|x86.Build.0 = Release|Any CPU
		{0DA3D966-4239-4750-BF90-BDCE2C9B0FC9}.Debug|Any CPU.ActiveCfg = Debug|Any CPU
		{0DA3D966-4239-4750-BF90-BDCE2C9B0FC9}.Debug|Any CPU.Build.0 = Debug|Any CPU
		{0DA3D966-4239-4750-BF90-BDCE2C9B0FC9}.Debug|x64.ActiveCfg = Debug|Any CPU
		{0DA3D966-4239-4750-BF90-BDCE2C9B0FC9}.Debug|x64.Build.0 = Debug|Any CPU
		{0DA3D966-4239-4750-BF90-BDCE2C9B0FC9}.Debug|x86.ActiveCfg = Debug|Any CPU
		{0DA3D966-4239-4750-BF90-BDCE2C9B0FC9}.Debug|x86.Build.0 = Debug|Any CPU
		{0DA3D966-4239-4750-BF90-BDCE2C9B0FC9}.Release|Any CPU.ActiveCfg = Release|Any CPU
		{0DA3D966-4239-4750-BF90-BDCE2C9B0FC9}.Release|Any CPU.Build.0 = Release|Any CPU
		{0DA3D966-4239-4750-BF90-BDCE2C9B0FC9}.Release|x64.ActiveCfg = Release|Any CPU
		{0DA3D966-4239-4750-BF90-BDCE2C9B0FC9}.Release|x64.Build.0 = Release|Any CPU
		{0DA3D966-4239-4750-BF90-BDCE2C9B0FC9}.Release|x86.ActiveCfg = Release|Any CPU
		{0DA3D966-4239-4750-BF90-BDCE2C9B0FC9}.Release|x86.Build.0 = Release|Any CPU
		{354BFF06-6C97-4222-9A36-5AE64E72DE68}.Debug|Any CPU.ActiveCfg = Debug|Any CPU
		{354BFF06-6C97-4222-9A36-5AE64E72DE68}.Debug|Any CPU.Build.0 = Debug|Any CPU
		{354BFF06-6C97-4222-9A36-5AE64E72DE68}.Debug|x64.ActiveCfg = Debug|Any CPU
		{354BFF06-6C97-4222-9A36-5AE64E72DE68}.Debug|x64.Build.0 = Debug|Any CPU
		{354BFF06-6C97-4222-9A36-5AE64E72DE68}.Debug|x86.ActiveCfg = Debug|Any CPU
		{354BFF06-6C97-4222-9A36-5AE64E72DE68}.Debug|x86.Build.0 = Debug|Any CPU
		{354BFF06-6C97-4222-9A36-5AE64E72DE68}.Release|Any CPU.ActiveCfg = Release|Any CPU
		{354BFF06-6C97-4222-9A36-5AE64E72DE68}.Release|Any CPU.Build.0 = Release|Any CPU
		{354BFF06-6C97-4222-9A36-5AE64E72DE68}.Release|x64.ActiveCfg = Release|Any CPU
		{354BFF06-6C97-4222-9A36-5AE64E72DE68}.Release|x64.Build.0 = Release|Any CPU
		{354BFF06-6C97-4222-9A36-5AE64E72DE68}.Release|x86.ActiveCfg = Release|Any CPU
		{354BFF06-6C97-4222-9A36-5AE64E72DE68}.Release|x86.Build.0 = Release|Any CPU
		{727A7E70-6A52-43CF-8DC7-70AB0D3BB9FC}.Debug|Any CPU.ActiveCfg = Debug|Any CPU
		{727A7E70-6A52-43CF-8DC7-70AB0D3BB9FC}.Debug|Any CPU.Build.0 = Debug|Any CPU
		{727A7E70-6A52-43CF-8DC7-70AB0D3BB9FC}.Debug|x64.ActiveCfg = Debug|Any CPU
		{727A7E70-6A52-43CF-8DC7-70AB0D3BB9FC}.Debug|x64.Build.0 = Debug|Any CPU
		{727A7E70-6A52-43CF-8DC7-70AB0D3BB9FC}.Debug|x86.ActiveCfg = Debug|Any CPU
		{727A7E70-6A52-43CF-8DC7-70AB0D3BB9FC}.Debug|x86.Build.0 = Debug|Any CPU
		{727A7E70-6A52-43CF-8DC7-70AB0D3BB9FC}.Release|Any CPU.ActiveCfg = Release|Any CPU
		{727A7E70-6A52-43CF-8DC7-70AB0D3BB9FC}.Release|Any CPU.Build.0 = Release|Any CPU
		{727A7E70-6A52-43CF-8DC7-70AB0D3BB9FC}.Release|x64.ActiveCfg = Release|Any CPU
		{727A7E70-6A52-43CF-8DC7-70AB0D3BB9FC}.Release|x64.Build.0 = Release|Any CPU
		{727A7E70-6A52-43CF-8DC7-70AB0D3BB9FC}.Release|x86.ActiveCfg = Release|Any CPU
		{727A7E70-6A52-43CF-8DC7-70AB0D3BB9FC}.Release|x86.Build.0 = Release|Any CPU
		{59F89C96-BA83-4101-A1D1-E8C02BC4849F}.Debug|Any CPU.ActiveCfg = Debug|Any CPU
		{59F89C96-BA83-4101-A1D1-E8C02BC4849F}.Debug|Any CPU.Build.0 = Debug|Any CPU
		{59F89C96-BA83-4101-A1D1-E8C02BC4849F}.Debug|x64.ActiveCfg = Debug|Any CPU
		{59F89C96-BA83-4101-A1D1-E8C02BC4849F}.Debug|x64.Build.0 = Debug|Any CPU
		{59F89C96-BA83-4101-A1D1-E8C02BC4849F}.Debug|x86.ActiveCfg = Debug|Any CPU
		{59F89C96-BA83-4101-A1D1-E8C02BC4849F}.Debug|x86.Build.0 = Debug|Any CPU
		{59F89C96-BA83-4101-A1D1-E8C02BC4849F}.Release|Any CPU.ActiveCfg = Release|Any CPU
		{59F89C96-BA83-4101-A1D1-E8C02BC4849F}.Release|Any CPU.Build.0 = Release|Any CPU
		{59F89C96-BA83-4101-A1D1-E8C02BC4849F}.Release|x64.ActiveCfg = Release|Any CPU
		{59F89C96-BA83-4101-A1D1-E8C02BC4849F}.Release|x64.Build.0 = Release|Any CPU
		{59F89C96-BA83-4101-A1D1-E8C02BC4849F}.Release|x86.ActiveCfg = Release|Any CPU
		{59F89C96-BA83-4101-A1D1-E8C02BC4849F}.Release|x86.Build.0 = Release|Any CPU
		{1C5A8CF5-81C7-4F0D-B6A8-06E6874E0B87}.Debug|Any CPU.ActiveCfg = Debug|Any CPU
		{1C5A8CF5-81C7-4F0D-B6A8-06E6874E0B87}.Debug|Any CPU.Build.0 = Debug|Any CPU
		{1C5A8CF5-81C7-4F0D-B6A8-06E6874E0B87}.Debug|x64.ActiveCfg = Debug|Any CPU
		{1C5A8CF5-81C7-4F0D-B6A8-06E6874E0B87}.Debug|x64.Build.0 = Debug|Any CPU
		{1C5A8CF5-81C7-4F0D-B6A8-06E6874E0B87}.Debug|x86.ActiveCfg = Debug|Any CPU
		{1C5A8CF5-81C7-4F0D-B6A8-06E6874E0B87}.Debug|x86.Build.0 = Debug|Any CPU
		{1C5A8CF5-81C7-4F0D-B6A8-06E6874E0B87}.Release|Any CPU.ActiveCfg = Release|Any CPU
		{1C5A8CF5-81C7-4F0D-B6A8-06E6874E0B87}.Release|Any CPU.Build.0 = Release|Any CPU
		{1C5A8CF5-81C7-4F0D-B6A8-06E6874E0B87}.Release|x64.ActiveCfg = Release|Any CPU
		{1C5A8CF5-81C7-4F0D-B6A8-06E6874E0B87}.Release|x64.Build.0 = Release|Any CPU
		{1C5A8CF5-81C7-4F0D-B6A8-06E6874E0B87}.Release|x86.ActiveCfg = Release|Any CPU
		{1C5A8CF5-81C7-4F0D-B6A8-06E6874E0B87}.Release|x86.Build.0 = Release|Any CPU
		{87D0FF33-3936-462B-8904-F56192B7E805}.Debug|Any CPU.ActiveCfg = Debug|Any CPU
		{87D0FF33-3936-462B-8904-F56192B7E805}.Debug|Any CPU.Build.0 = Debug|Any CPU
		{87D0FF33-3936-462B-8904-F56192B7E805}.Debug|x64.ActiveCfg = Debug|Any CPU
		{87D0FF33-3936-462B-8904-F56192B7E805}.Debug|x64.Build.0 = Debug|Any CPU
		{87D0FF33-3936-462B-8904-F56192B7E805}.Debug|x86.ActiveCfg = Debug|Any CPU
		{87D0FF33-3936-462B-8904-F56192B7E805}.Debug|x86.Build.0 = Debug|Any CPU
		{87D0FF33-3936-462B-8904-F56192B7E805}.Release|Any CPU.ActiveCfg = Release|Any CPU
		{87D0FF33-3936-462B-8904-F56192B7E805}.Release|Any CPU.Build.0 = Release|Any CPU
		{87D0FF33-3936-462B-8904-F56192B7E805}.Release|x64.ActiveCfg = Release|Any CPU
		{87D0FF33-3936-462B-8904-F56192B7E805}.Release|x64.Build.0 = Release|Any CPU
		{87D0FF33-3936-462B-8904-F56192B7E805}.Release|x86.ActiveCfg = Release|Any CPU
		{87D0FF33-3936-462B-8904-F56192B7E805}.Release|x86.Build.0 = Release|Any CPU
		{DE7E33BA-162E-41DC-A673-31EFF283B0DC}.Debug|Any CPU.ActiveCfg = Debug|Any CPU
		{DE7E33BA-162E-41DC-A673-31EFF283B0DC}.Debug|Any CPU.Build.0 = Debug|Any CPU
		{DE7E33BA-162E-41DC-A673-31EFF283B0DC}.Debug|x64.ActiveCfg = Debug|Any CPU
		{DE7E33BA-162E-41DC-A673-31EFF283B0DC}.Debug|x64.Build.0 = Debug|Any CPU
		{DE7E33BA-162E-41DC-A673-31EFF283B0DC}.Debug|x86.ActiveCfg = Debug|Any CPU
		{DE7E33BA-162E-41DC-A673-31EFF283B0DC}.Debug|x86.Build.0 = Debug|Any CPU
		{DE7E33BA-162E-41DC-A673-31EFF283B0DC}.Release|Any CPU.ActiveCfg = Release|Any CPU
		{DE7E33BA-162E-41DC-A673-31EFF283B0DC}.Release|Any CPU.Build.0 = Release|Any CPU
		{DE7E33BA-162E-41DC-A673-31EFF283B0DC}.Release|x64.ActiveCfg = Release|Any CPU
		{DE7E33BA-162E-41DC-A673-31EFF283B0DC}.Release|x64.Build.0 = Release|Any CPU
		{DE7E33BA-162E-41DC-A673-31EFF283B0DC}.Release|x86.ActiveCfg = Release|Any CPU
		{DE7E33BA-162E-41DC-A673-31EFF283B0DC}.Release|x86.Build.0 = Release|Any CPU
	EndGlobalSection
	GlobalSection(SolutionProperties) = preSolution
		HideSolutionNode = FALSE
	EndGlobalSection
	GlobalSection(NestedProjects) = preSolution
		{BB4BB8B3-2F60-459F-92E0-772563308793} = {827E0CD3-B72D-47B6-A68D-7590B98EB39B}
		{3610615F-D68D-4ECC-AB95-CAF651CFC0C7} = {827E0CD3-B72D-47B6-A68D-7590B98EB39B}
		{0DA3D966-4239-4750-BF90-BDCE2C9B0FC9} = {827E0CD3-B72D-47B6-A68D-7590B98EB39B}
		{354BFF06-6C97-4222-9A36-5AE64E72DE68} = {827E0CD3-B72D-47B6-A68D-7590B98EB39B}
		{727A7E70-6A52-43CF-8DC7-70AB0D3BB9FC} = {827E0CD3-B72D-47B6-A68D-7590B98EB39B}
		{59F89C96-BA83-4101-A1D1-E8C02BC4849F} = {0AB3BF05-4346-4AA6-1389-037BE0695223}
		{1C5A8CF5-81C7-4F0D-B6A8-06E6874E0B87} = {0AB3BF05-4346-4AA6-1389-037BE0695223}
		{87D0FF33-3936-462B-8904-F56192B7E805} = {0AB3BF05-4346-4AA6-1389-037BE0695223}
		{DE7E33BA-162E-41DC-A673-31EFF283B0DC} = {0AB3BF05-4346-4AA6-1389-037BE0695223}
	EndGlobalSection
EndGlobal
